
Microsoft Visual Studio Solution File, Format Version 12.00
# Visual Studio 15
VisualStudioVersion = 15.0.27703.2042
MinimumVisualStudioVersion = 10.0.40219.1
Project("{FAE04EC0-301F-11D3-BF4B-00C04F79EFBC}") = "ContactLibrary", "ContactLibrary\ContactLibrary.csproj", "{53087311-6C78-496D-804F-E074A58C7DAA}"
EndProject
Project("{FAE04EC0-301F-11D3-BF4B-00C04F79EFBC}") = "PhoneContactsTesting", "PhoneContactsTesting\PhoneContactsTesting.csproj", "{0901C8ED-20CA-4DCB-9304-F4C2767F16F6}"
EndProject
Project("{FAE04EC0-301F-11D3-BF4B-00C04F79EFBC}") = "PhoneAppAPI", "PhoneAppAPI\PhoneAppAPI.csproj", "{121A6D80-BBAA-44B1-8C94-B03D6906F242}"
EndProject
Project("{FAE04EC0-301F-11D3-BF4B-00C04F79EFBC}") = "ContactLibraryAccess", "ContactLibraryAccess\ContactLibraryAccess.csproj", "{4320A8AC-DB8E-4AF4-B88C-4ADCB25846AD}"
EndProject
Global
	GlobalSection(SolutionConfigurationPlatforms) = preSolution
		Debug|Any CPU = Debug|Any CPU
		Release|Any CPU = Release|Any CPU
	EndGlobalSection
	GlobalSection(ProjectConfigurationPlatforms) = postSolution
		{53087311-6C78-496D-804F-E074A58C7DAA}.Debug|Any CPU.ActiveCfg = Debug|Any CPU
		{53087311-6C78-496D-804F-E074A58C7DAA}.Debug|Any CPU.Build.0 = Debug|Any CPU
		{53087311-6C78-496D-804F-E074A58C7DAA}.Release|Any CPU.ActiveCfg = Release|Any CPU
		{53087311-6C78-496D-804F-E074A58C7DAA}.Release|Any CPU.Build.0 = Release|Any CPU
		{0901C8ED-20CA-4DCB-9304-F4C2767F16F6}.Debug|Any CPU.ActiveCfg = Debug|Any CPU
		{0901C8ED-20CA-4DCB-9304-F4C2767F16F6}.Debug|Any CPU.Build.0 = Debug|Any CPU
		{0901C8ED-20CA-4DCB-9304-F4C2767F16F6}.Release|Any CPU.ActiveCfg = Release|Any CPU
		{0901C8ED-20CA-4DCB-9304-F4C2767F16F6}.Release|Any CPU.Build.0 = Release|Any CPU
		{121A6D80-BBAA-44B1-8C94-B03D6906F242}.Debug|Any CPU.ActiveCfg = Debug|Any CPU
		{121A6D80-BBAA-44B1-8C94-B03D6906F242}.Debug|Any CPU.Build.0 = Debug|Any CPU
		{121A6D80-BBAA-44B1-8C94-B03D6906F242}.Release|Any CPU.ActiveCfg = Release|Any CPU
		{121A6D80-BBAA-44B1-8C94-B03D6906F242}.Release|Any CPU.Build.0 = Release|Any CPU
		{4320A8AC-DB8E-4AF4-B88C-4ADCB25846AD}.Debug|Any CPU.ActiveCfg = Debug|Any CPU
		{4320A8AC-DB8E-4AF4-B88C-4ADCB25846AD}.Debug|Any CPU.Build.0 = Debug|Any CPU
		{4320A8AC-DB8E-4AF4-B88C-4ADCB25846AD}.Release|Any CPU.ActiveCfg = Release|Any CPU
		{4320A8AC-DB8E-4AF4-B88C-4ADCB25846AD}.Release|Any CPU.Build.0 = Release|Any CPU
	EndGlobalSection
	GlobalSection(SolutionProperties) = preSolution
		HideSolutionNode = FALSE
	EndGlobalSection
	GlobalSection(ExtensibilityGlobals) = postSolution
		SolutionGuid = {54EB25D1-87CA-4EB1-89D4-879127E57227}
	EndGlobalSection
EndGlobal
